
Microsoft Visual Studio Solution File, Format Version 12.00
# Visual Studio Version 17
VisualStudioVersion = 17.10.35004.147
MinimumVisualStudioVersion = 10.0.40219.1
Project("{FAE04EC0-301F-11D3-BF4B-00C04F79EFBC}") = "TaskManager.API", "TaskManager.API\TaskManager.API.csproj", "{25C49342-68C9-476A-AAB4-740F45F2659C}"
EndProject
Project("{FAE04EC0-301F-11D3-BF4B-00C04F79EFBC}") = "TaskManager.Communication", "TaskManager.Communication\TaskManager.Communication.csproj", "{E18A7BCA-9EED-4BBE-BD82-4663157D53E3}"
EndProject
Project("{FAE04EC0-301F-11D3-BF4B-00C04F79EFBC}") = "TaskManager.Application", "TaskManager.Application\TaskManager.Application.csproj", "{CD293790-39E4-4869-9C49-D9CE4E8B65A1}"
EndProject
Project("{FAE04EC0-301F-11D3-BF4B-00C04F79EFBC}") = "TaskManager.Domain", "TaskManager.Domain\TaskManager.Domain.csproj", "{5A609FB9-3352-4306-8D08-193585DD1BDA}"
EndProject
Project("{FAE04EC0-301F-11D3-BF4B-00C04F79EFBC}") = "TaskManager.Infra", "TaskManager.Infra\TaskManager.Infra.csproj", "{98E598A7-D4D0-4785-81B2-A5ECE82A9EBC}"
EndProject
Global
	GlobalSection(SolutionConfigurationPlatforms) = preSolution
		Debug|Any CPU = Debug|Any CPU
		Release|Any CPU = Release|Any CPU
	EndGlobalSection
	GlobalSection(ProjectConfigurationPlatforms) = postSolution
		{25C49342-68C9-476A-AAB4-740F45F2659C}.Debug|Any CPU.ActiveCfg = Debug|Any CPU
		{25C49342-68C9-476A-AAB4-740F45F2659C}.Debug|Any CPU.Build.0 = Debug|Any CPU
		{25C49342-68C9-476A-AAB4-740F45F2659C}.Release|Any CPU.ActiveCfg = Release|Any CPU
		{25C49342-68C9-476A-AAB4-740F45F2659C}.Release|Any CPU.Build.0 = Release|Any CPU
		{E18A7BCA-9EED-4BBE-BD82-4663157D53E3}.Debug|Any CPU.ActiveCfg = Debug|Any CPU
		{E18A7BCA-9EED-4BBE-BD82-4663157D53E3}.Debug|Any CPU.Build.0 = Debug|Any CPU
		{E18A7BCA-9EED-4BBE-BD82-4663157D53E3}.Release|Any CPU.ActiveCfg = Release|Any CPU
		{E18A7BCA-9EED-4BBE-BD82-4663157D53E3}.Release|Any CPU.Build.0 = Release|Any CPU
		{CD293790-39E4-4869-9C49-D9CE4E8B65A1}.Debug|Any CPU.ActiveCfg = Debug|Any CPU
		{CD293790-39E4-4869-9C49-D9CE4E8B65A1}.Debug|Any CPU.Build.0 = Debug|Any CPU
		{CD293790-39E4-4869-9C49-D9CE4E8B65A1}.Release|Any CPU.ActiveCfg = Release|Any CPU
		{CD293790-39E4-4869-9C49-D9CE4E8B65A1}.Release|Any CPU.Build.0 = Release|Any CPU
		{5A609FB9-3352-4306-8D08-193585DD1BDA}.Debug|Any CPU.ActiveCfg = Debug|Any CPU
		{5A609FB9-3352-4306-8D08-193585DD1BDA}.Debug|Any CPU.Build.0 = Debug|Any CPU
		{5A609FB9-3352-4306-8D08-193585DD1BDA}.Release|Any CPU.ActiveCfg = Release|Any CPU
		{5A609FB9-3352-4306-8D08-193585DD1BDA}.Release|Any CPU.Build.0 = Release|Any CPU
		{98E598A7-D4D0-4785-81B2-A5ECE82A9EBC}.Debug|Any CPU.ActiveCfg = Debug|Any CPU
		{98E598A7-D4D0-4785-81B2-A5ECE82A9EBC}.Debug|Any CPU.Build.0 = Debug|Any CPU
		{98E598A7-D4D0-4785-81B2-A5ECE82A9EBC}.Release|Any CPU.ActiveCfg = Release|Any CPU
		{98E598A7-D4D0-4785-81B2-A5ECE82A9EBC}.Release|Any CPU.Build.0 = Release|Any CPU
	EndGlobalSection
	GlobalSection(SolutionProperties) = preSolution
		HideSolutionNode = FALSE
	EndGlobalSection
	GlobalSection(ExtensibilityGlobals) = postSolution
		SolutionGuid = {089335EC-53F6-41AE-95C4-0B881A9FEF1F}
	EndGlobalSection
EndGlobal
